
Microsoft Visual Studio Solution File, Format Version 12.00
# Visual Studio Version 17
VisualStudioVersion = 17.0.31903.59
MinimumVisualStudioVersion = 10.0.40219.1
Project("{FAE04EC0-301F-11D3-BF4B-00C04F79EFBC}") = "Mango.Services.AuthAPI", "src\Services\AuthAPI\Mango.Services.AuthAPI.csproj", "{A1B2C3D4-E5F6-7890-ABCD-EF1234567890}"
EndProject
Project("{FAE04EC0-301F-11D3-BF4B-00C04F79EFBC}") = "Mango.Services.ProductAPI", "src\Services\ProductAPI\Mango.Services.ProductAPI.csproj", "{B2C3D4E5-F6A7-8901-BCDE-F12345678901}"
EndProject
Project("{FAE04EC0-301F-11D3-BF4B-00C04F79EFBC}") = "Mango.MessageBus", "src\Shared\Mango.MessageBus\Mango.MessageBus.csproj", "{D3E4F5A6-B7C8-9012-DEF1-234567890124}"
EndProject
Project("{FAE04EC0-301F-11D3-BF4B-00C04F79EFBC}") = "Mango.Common", "src\Shared\Mango.Common\Mango.Common.csproj", "{E4F5A6B7-C8D9-0123-EF12-345678901235}"
EndProject
Project("{FAE04EC0-301F-11D3-BF4B-00C04F79EFBC}") = "Mango.Infrastructure", "src\Shared\Mango.Infrastructure\Mango.Infrastructure.csproj", "{F5A6B7C8-D9E0-1234-F123-456789012346}"
EndProject
Project("{2150E333-8FDC-42A3-9474-1A3956D46DE8}") = "src", "src", "{827E0CD3-B72D-47B6-A68D-7590B98EB39B}"
EndProject
Project("{2150E333-8FDC-42A3-9474-1A3956D46DE8}") = "Services", "Services", "{984BB9B3-3FA3-BE33-9484-CAC21695A33C}"
EndProject
Project("{2150E333-8FDC-42A3-9474-1A3956D46DE8}") = "ShoppingCartAPI", "ShoppingCartAPI", "{F6DCA3D1-BFB1-3FAB-D84B-B6C02C99C712}"
EndProject
Project("{FAE04EC0-301F-11D3-BF4B-00C04F79EFBC}") = "Mango.Services.ShoppingCartAPI", "src\Services\ShoppingCartAPI\Mango.Services.ShoppingCartAPI.csproj", "{6A33EA2B-2AAC-4AA4-B773-52CA2DDEA7EE}"
EndProject
Project("{2150E333-8FDC-42A3-9474-1A3956D46DE8}") = "Shared", "Shared", "{C8E42992-5E42-0C2B-DBFE-AA848D06431C}"
EndProject
Project("{2150E333-8FDC-42A3-9474-1A3956D46DE8}") = "OrderAPI", "OrderAPI", "{FE9C4447-5F41-B85B-6B38-93518211F7BC}"
EndProject
Project("{FAE04EC0-301F-11D3-BF4B-00C04F79EFBC}") = "Mango.Services.OrderAPI", "src\Services\OrderAPI\Mango.Services.OrderAPI.csproj", "{51A2A7B4-A8BD-4652-B37F-0D285A121E98}"
EndProject
Global
	GlobalSection(SolutionConfigurationPlatforms) = preSolution
		Debug|Any CPU = Debug|Any CPU
		Debug|x64 = Debug|x64
		Debug|x86 = Debug|x86
		Release|Any CPU = Release|Any CPU
		Release|x64 = Release|x64
		Release|x86 = Release|x86
	EndGlobalSection
	GlobalSection(ProjectConfigurationPlatforms) = postSolution
		{A1B2C3D4-E5F6-7890-ABCD-EF1234567890}.Debug|Any CPU.ActiveCfg = Debug|Any CPU
		{A1B2C3D4-E5F6-7890-ABCD-EF1234567890}.Debug|Any CPU.Build.0 = Debug|Any CPU
		{A1B2C3D4-E5F6-7890-ABCD-EF1234567890}.Debug|x64.ActiveCfg = Debug|Any CPU
		{A1B2C3D4-E5F6-7890-ABCD-EF1234567890}.Debug|x64.Build.0 = Debug|Any CPU
		{A1B2C3D4-E5F6-7890-ABCD-EF1234567890}.Debug|x86.ActiveCfg = Debug|Any CPU
		{A1B2C3D4-E5F6-7890-ABCD-EF1234567890}.Debug|x86.Build.0 = Debug|Any CPU
		{A1B2C3D4-E5F6-7890-ABCD-EF1234567890}.Release|Any CPU.ActiveCfg = Release|Any CPU
		{A1B2C3D4-E5F6-7890-ABCD-EF1234567890}.Release|Any CPU.Build.0 = Release|Any CPU
		{A1B2C3D4-E5F6-7890-ABCD-EF1234567890}.Release|x64.ActiveCfg = Release|Any CPU
		{A1B2C3D4-E5F6-7890-ABCD-EF1234567890}.Release|x64.Build.0 = Release|Any CPU
		{A1B2C3D4-E5F6-7890-ABCD-EF1234567890}.Release|x86.ActiveCfg = Release|Any CPU
		{A1B2C3D4-E5F6-7890-ABCD-EF1234567890}.Release|x86.Build.0 = Release|Any CPU
		{B2C3D4E5-F6A7-8901-BCDE-F12345678901}.Debug|Any CPU.ActiveCfg = Debug|Any CPU
		{B2C3D4E5-F6A7-8901-BCDE-F12345678901}.Debug|Any CPU.Build.0 = Debug|Any CPU
		{B2C3D4E5-F6A7-8901-BCDE-F12345678901}.Debug|x64.ActiveCfg = Debug|Any CPU
		{B2C3D4E5-F6A7-8901-BCDE-F12345678901}.Debug|x64.Build.0 = Debug|Any CPU
		{B2C3D4E5-F6A7-8901-BCDE-F12345678901}.Debug|x86.ActiveCfg = Debug|Any CPU
		{B2C3D4E5-F6A7-8901-BCDE-F12345678901}.Debug|x86.Build.0 = Debug|Any CPU
		{B2C3D4E5-F6A7-8901-BCDE-F12345678901}.Release|Any CPU.ActiveCfg = Release|Any CPU
		{B2C3D4E5-F6A7-8901-BCDE-F12345678901}.Release|Any CPU.Build.0 = Release|Any CPU
		{B2C3D4E5-F6A7-8901-BCDE-F12345678901}.Release|x64.ActiveCfg = Release|Any CPU
		{B2C3D4E5-F6A7-8901-BCDE-F12345678901}.Release|x64.Build.0 = Release|Any CPU
		{B2C3D4E5-F6A7-8901-BCDE-F12345678901}.Release|x86.ActiveCfg = Release|Any CPU
		{B2C3D4E5-F6A7-8901-BCDE-F12345678901}.Release|x86.Build.0 = Release|Any CPU
		{D3E4F5A6-B7C8-9012-DEF1-234567890124}.Debug|Any CPU.ActiveCfg = Debug|Any CPU
		{D3E4F5A6-B7C8-9012-DEF1-234567890124}.Debug|Any CPU.Build.0 = Debug|Any CPU
		{D3E4F5A6-B7C8-9012-DEF1-234567890124}.Debug|x64.ActiveCfg = Debug|Any CPU
		{D3E4F5A6-B7C8-9012-DEF1-234567890124}.Debug|x64.Build.0 = Debug|Any CPU
		{D3E4F5A6-B7C8-9012-DEF1-234567890124}.Debug|x86.ActiveCfg = Debug|Any CPU
		{D3E4F5A6-B7C8-9012-DEF1-234567890124}.Debug|x86.Build.0 = Debug|Any CPU
		{D3E4F5A6-B7C8-9012-DEF1-234567890124}.Release|Any CPU.ActiveCfg = Release|Any CPU
		{D3E4F5A6-B7C8-9012-DEF1-234567890124}.Release|Any CPU.Build.0 = Release|Any CPU
		{D3E4F5A6-B7C8-9012-DEF1-234567890124}.Release|x64.ActiveCfg = Release|Any CPU
		{D3E4F5A6-B7C8-9012-DEF1-234567890124}.Release|x64.Build.0 = Release|Any CPU
		{D3E4F5A6-B7C8-9012-DEF1-234567890124}.Release|x86.ActiveCfg = Release|Any CPU
		{D3E4F5A6-B7C8-9012-DEF1-234567890124}.Release|x86.Build.0 = Release|Any CPU
		{E4F5A6B7-C8D9-0123-EF12-345678901235}.Debug|Any CPU.ActiveCfg = Debug|Any CPU
		{E4F5A6B7-C8D9-0123-EF12-345678901235}.Debug|Any CPU.Build.0 = Debug|Any CPU
		{E4F5A6B7-C8D9-0123-EF12-345678901235}.Debug|x64.ActiveCfg = Debug|Any CPU
		{E4F5A6B7-C8D9-0123-EF12-345678901235}.Debug|x64.Build.0 = Debug|Any CPU
		{E4F5A6B7-C8D9-0123-EF12-345678901235}.Debug|x86.ActiveCfg = Debug|Any CPU
		{E4F5A6B7-C8D9-0123-EF12-345678901235}.Debug|x86.Build.0 = Debug|Any CPU
		{E4F5A6B7-C8D9-0123-EF12-345678901235}.Release|Any CPU.ActiveCfg = Release|Any CPU
		{E4F5A6B7-C8D9-0123-EF12-345678901235}.Release|Any CPU.Build.0 = Release|Any CPU
		{E4F5A6B7-C8D9-0123-EF12-345678901235}.Release|x64.ActiveCfg = Release|Any CPU
		{E4F5A6B7-C8D9-0123-EF12-345678901235}.Release|x64.Build.0 = Release|Any CPU
		{E4F5A6B7-C8D9-0123-EF12-345678901235}.Release|x86.ActiveCfg = Release|Any CPU
		{E4F5A6B7-C8D9-0123-EF12-345678901235}.Release|x86.Build.0 = Release|Any CPU
		{F5A6B7C8-D9E0-1234-F123-456789012346}.Debug|Any CPU.ActiveCfg = Debug|Any CPU
		{F5A6B7C8-D9E0-1234-F123-456789012346}.Debug|Any CPU.Build.0 = Debug|Any CPU
		{F5A6B7C8-D9E0-1234-F123-456789012346}.Debug|x64.ActiveCfg = Debug|Any CPU
		{F5A6B7C8-D9E0-1234-F123-456789012346}.Debug|x64.Build.0 = Debug|Any CPU
		{F5A6B7C8-D9E0-1234-F123-456789012346}.Debug|x86.ActiveCfg = Debug|Any CPU
		{F5A6B7C8-D9E0-1234-F123-456789012346}.Debug|x86.Build.0 = Debug|Any CPU
		{F5A6B7C8-D9E0-1234-F123-456789012346}.Release|Any CPU.ActiveCfg = Release|Any CPU
		{F5A6B7C8-D9E0-1234-F123-456789012346}.Release|Any CPU.Build.0 = Release|Any CPU
		{F5A6B7C8-D9E0-1234-F123-456789012346}.Release|x64.ActiveCfg = Release|Any CPU
		{F5A6B7C8-D9E0-1234-F123-456789012346}.Release|x64.Build.0 = Release|Any CPU
		{F5A6B7C8-D9E0-1234-F123-456789012346}.Release|x86.ActiveCfg = Release|Any CPU
		{F5A6B7C8-D9E0-1234-F123-456789012346}.Release|x86.Build.0 = Release|Any CPU
		{6A33EA2B-2AAC-4AA4-B773-52CA2DDEA7EE}.Debug|Any CPU.ActiveCfg = Debug|Any CPU
		{6A33EA2B-2AAC-4AA4-B773-52CA2DDEA7EE}.Debug|Any CPU.Build.0 = Debug|Any CPU
		{6A33EA2B-2AAC-4AA4-B773-52CA2DDEA7EE}.Debug|x64.ActiveCfg = Debug|Any CPU
		{6A33EA2B-2AAC-4AA4-B773-52CA2DDEA7EE}.Debug|x64.Build.0 = Debug|Any CPU
		{6A33EA2B-2AAC-4AA4-B773-52CA2DDEA7EE}.Debug|x86.ActiveCfg = Debug|Any CPU
		{6A33EA2B-2AAC-4AA4-B773-52CA2DDEA7EE}.Debug|x86.Build.0 = Debug|Any CPU
		{6A33EA2B-2AAC-4AA4-B773-52CA2DDEA7EE}.Release|Any CPU.ActiveCfg = Release|Any CPU
		{6A33EA2B-2AAC-4AA4-B773-52CA2DDEA7EE}.Release|Any CPU.Build.0 = Release|Any CPU
		{6A33EA2B-2AAC-4AA4-B773-52CA2DDEA7EE}.Release|x64.ActiveCfg = Release|Any CPU
		{6A33EA2B-2AAC-4AA4-B773-52CA2DDEA7EE}.Release|x64.Build.0 = Release|Any CPU
		{6A33EA2B-2AAC-4AA4-B773-52CA2DDEA7EE}.Release|x86.ActiveCfg = Release|Any CPU
		{6A33EA2B-2AAC-4AA4-B773-52CA2DDEA7EE}.Release|x86.Build.0 = Release|Any CPU
		{51A2A7B4-A8BD-4652-B37F-0D285A121E98}.Debug|Any CPU.ActiveCfg = Debug|Any CPU
		{51A2A7B4-A8BD-4652-B37F-0D285A121E98}.Debug|Any CPU.Build.0 = Debug|Any CPU
		{51A2A7B4-A8BD-4652-B37F-0D285A121E98}.Debug|x64.ActiveCfg = Debug|Any CPU
		{51A2A7B4-A8BD-4652-B37F-0D285A121E98}.Debug|x64.Build.0 = Debug|Any CPU
		{51A2A7B4-A8BD-4652-B37F-0D285A121E98}.Debug|x86.ActiveCfg = Debug|Any CPU
		{51A2A7B4-A8BD-4652-B37F-0D285A121E98}.Debug|x86.Build.0 = Debug|Any CPU
		{51A2A7B4-A8BD-4652-B37F-0D285A121E98}.Release|Any CPU.ActiveCfg = Release|Any CPU
		{51A2A7B4-A8BD-4652-B37F-0D285A121E98}.Release|Any CPU.Build.0 = Release|Any CPU
		{51A2A7B4-A8BD-4652-B37F-0D285A121E98}.Release|x64.ActiveCfg = Release|Any CPU
		{51A2A7B4-A8BD-4652-B37F-0D285A121E98}.Release|x64.Build.0 = Release|Any CPU
		{51A2A7B4-A8BD-4652-B37F-0D285A121E98}.Release|x86.ActiveCfg = Release|Any CPU
		{51A2A7B4-A8BD-4652-B37F-0D285A121E98}.Release|x86.Build.0 = Release|Any CPU
	EndGlobalSection
	GlobalSection(SolutionProperties) = preSolution
		HideSolutionNode = FALSE
	EndGlobalSection
	GlobalSection(NestedProjects) = preSolution
		{984BB9B3-3FA3-BE33-9484-CAC21695A33C} = {827E0CD3-B72D-47B6-A68D-7590B98EB39B}
		{F6DCA3D1-BFB1-3FAB-D84B-B6C02C99C712} = {984BB9B3-3FA3-BE33-9484-CAC21695A33C}
		{6A33EA2B-2AAC-4AA4-B773-52CA2DDEA7EE} = {F6DCA3D1-BFB1-3FAB-D84B-B6C02C99C712}
		{C8E42992-5E42-0C2B-DBFE-AA848D06431C} = {827E0CD3-B72D-47B6-A68D-7590B98EB39B}
		{FE9C4447-5F41-B85B-6B38-93518211F7BC} = {984BB9B3-3FA3-BE33-9484-CAC21695A33C}
		{51A2A7B4-A8BD-4652-B37F-0D285A121E98} = {FE9C4447-5F41-B85B-6B38-93518211F7BC}
	EndGlobalSection
EndGlobal
